
Microsoft Visual Studio Solution File, Format Version 12.00
# Visual Studio Version 17
VisualStudioVersion = 17.0.31903.59
MinimumVisualStudioVersion = 10.0.40219.1
Project("{9A19103F-16F7-4668-BE54-9A1E7A4F7556}") = "Dictionary", "Dictionary\Dictionary.csproj", "{4DF8DB30-071C-4A92-A0F2-7BE90C9AADEF}"
EndProject
Global
	GlobalSection(SolutionConfigurationPlatforms) = preSolution
		Debug|Any CPU = Debug|Any CPU
		Release|Any CPU = Release|Any CPU
	EndGlobalSection
	GlobalSection(ProjectConfigurationPlatforms) = postSolution
		{4DF8DB30-071C-4A92-A0F2-7BE90C9AADEF}.Debug|Any CPU.ActiveCfg = Debug|Any CPU
		{4DF8DB30-071C-4A92-A0F2-7BE90C9AADEF}.Debug|Any CPU.Build.0 = Debug|Any CPU
		{4DF8DB30-071C-4A92-A0F2-7BE90C9AADEF}.Release|Any CPU.ActiveCfg = Release|Any CPU
		{4DF8DB30-071C-4A92-A0F2-7BE90C9AADEF}.Release|Any CPU.Build.0 = Release|Any CPU
	EndGlobalSection
	GlobalSection(SolutionProperties) = preSolution
		HideSolutionNode = FALSE
	EndGlobalSection
	GlobalSection(ExtensibilityGlobals) = postSolution
		SolutionGuid = {E31D392A-070C-49F5-871C-80F1CB0089B7}
	EndGlobalSection
EndGlobal
