
Microsoft Visual Studio Solution File, Format Version 12.00
# Visual Studio Version 17
VisualStudioVersion = 17.0.31903.59
MinimumVisualStudioVersion = 10.0.40219.1
Project("{FAE04EC0-301F-11D3-BF4B-00C04F79EFBC}") = "Fighters", "Fighters\Fighters.csproj", "{93AA5901-1335-47F1-B593-6EF5CEB7F860}"
EndProject
Global
	GlobalSection(SolutionConfigurationPlatforms) = preSolution
		Debug|Any CPU = Debug|Any CPU
		Release|Any CPU = Release|Any CPU
	EndGlobalSection
	GlobalSection(ProjectConfigurationPlatforms) = postSolution
		{93AA5901-1335-47F1-B593-6EF5CEB7F860}.Debug|Any CPU.ActiveCfg = Debug|Any CPU
		{93AA5901-1335-47F1-B593-6EF5CEB7F860}.Debug|Any CPU.Build.0 = Debug|Any CPU
		{93AA5901-1335-47F1-B593-6EF5CEB7F860}.Release|Any CPU.ActiveCfg = Release|Any CPU
		{93AA5901-1335-47F1-B593-6EF5CEB7F860}.Release|Any CPU.Build.0 = Release|Any CPU
	EndGlobalSection
	GlobalSection(SolutionProperties) = preSolution
		HideSolutionNode = FALSE
	EndGlobalSection
	GlobalSection(ExtensibilityGlobals) = postSolution
		SolutionGuid = {1EFE5053-C3DC-4163-A39E-EF9FFC103CE2}
	EndGlobalSection
EndGlobal
