
Microsoft Visual Studio Solution File, Format Version 12.00
# Visual Studio Version 17
VisualStudioVersion = 17.0.31903.59
MinimumVisualStudioVersion = 10.0.40219.1
Project("{9A19103F-16F7-4668-BE54-9A1E7A4F7556}") = "Domain", "Domain\Domain.csproj", "{D22D1DB4-915F-41A8-B554-3229BBB3233D}"
EndProject
Project("{9A19103F-16F7-4668-BE54-9A1E7A4F7556}") = "Infastructure", "Infastructure\Infastructure.csproj", "{88335A39-095F-4504-A5E5-40E01FDDD6EC}"
EndProject
Project("{FAE04EC0-301F-11D3-BF4B-00C04F79EFBC}") = "Infastructure.Migrations", "Infastructure.Migrations\Infastructure.Migrations.csproj", "{670A2084-3E61-4E8E-9187-9F28ECB2C92A}"
EndProject
Project("{FAE04EC0-301F-11D3-BF4B-00C04F79EFBC}") = "WebApi", "WebApi\WebApi.csproj", "{445AA575-2A40-41F5-A095-6F5A319D00FB}"
EndProject
Global
	GlobalSection(SolutionConfigurationPlatforms) = preSolution
		Debug|Any CPU = Debug|Any CPU
		Release|Any CPU = Release|Any CPU
	EndGlobalSection
	GlobalSection(ProjectConfigurationPlatforms) = postSolution
		{D22D1DB4-915F-41A8-B554-3229BBB3233D}.Debug|Any CPU.ActiveCfg = Debug|Any CPU
		{D22D1DB4-915F-41A8-B554-3229BBB3233D}.Debug|Any CPU.Build.0 = Debug|Any CPU
		{D22D1DB4-915F-41A8-B554-3229BBB3233D}.Release|Any CPU.ActiveCfg = Release|Any CPU
		{D22D1DB4-915F-41A8-B554-3229BBB3233D}.Release|Any CPU.Build.0 = Release|Any CPU
		{88335A39-095F-4504-A5E5-40E01FDDD6EC}.Debug|Any CPU.ActiveCfg = Debug|Any CPU
		{88335A39-095F-4504-A5E5-40E01FDDD6EC}.Debug|Any CPU.Build.0 = Debug|Any CPU
		{88335A39-095F-4504-A5E5-40E01FDDD6EC}.Release|Any CPU.ActiveCfg = Release|Any CPU
		{88335A39-095F-4504-A5E5-40E01FDDD6EC}.Release|Any CPU.Build.0 = Release|Any CPU
		{670A2084-3E61-4E8E-9187-9F28ECB2C92A}.Debug|Any CPU.ActiveCfg = Debug|Any CPU
		{670A2084-3E61-4E8E-9187-9F28ECB2C92A}.Debug|Any CPU.Build.0 = Debug|Any CPU
		{670A2084-3E61-4E8E-9187-9F28ECB2C92A}.Release|Any CPU.ActiveCfg = Release|Any CPU
		{670A2084-3E61-4E8E-9187-9F28ECB2C92A}.Release|Any CPU.Build.0 = Release|Any CPU
		{445AA575-2A40-41F5-A095-6F5A319D00FB}.Debug|Any CPU.ActiveCfg = Debug|Any CPU
		{445AA575-2A40-41F5-A095-6F5A319D00FB}.Debug|Any CPU.Build.0 = Debug|Any CPU
		{445AA575-2A40-41F5-A095-6F5A319D00FB}.Release|Any CPU.ActiveCfg = Release|Any CPU
		{445AA575-2A40-41F5-A095-6F5A319D00FB}.Release|Any CPU.Build.0 = Release|Any CPU
	EndGlobalSection
	GlobalSection(SolutionProperties) = preSolution
		HideSolutionNode = FALSE
	EndGlobalSection
	GlobalSection(ExtensibilityGlobals) = postSolution
		SolutionGuid = {28D45E84-EFE1-457F-AF8A-E1EE2823D6AE}
	EndGlobalSection
EndGlobal
